
Microsoft Visual Studio Solution File, Format Version 12.00
# Visual Studio Version 16
VisualStudioVersion = 16.0.30804.86
MinimumVisualStudioVersion = 10.0.40219.1
Project("{FAE04EC0-301F-11D3-BF4B-00C04F79EFBC}") = "Tarea I Colas", "Tarea I Colas\Tarea I Colas.csproj", "{A3AD4AD5-7A32-401D-AC34-866D1C75DFEB}"
EndProject
Global
	GlobalSection(SolutionConfigurationPlatforms) = preSolution
		Debug|Any CPU = Debug|Any CPU
		Release|Any CPU = Release|Any CPU
	EndGlobalSection
	GlobalSection(ProjectConfigurationPlatforms) = postSolution
		{A3AD4AD5-7A32-401D-AC34-866D1C75DFEB}.Debug|Any CPU.ActiveCfg = Debug|Any CPU
		{A3AD4AD5-7A32-401D-AC34-866D1C75DFEB}.Debug|Any CPU.Build.0 = Debug|Any CPU
		{A3AD4AD5-7A32-401D-AC34-866D1C75DFEB}.Release|Any CPU.ActiveCfg = Release|Any CPU
		{A3AD4AD5-7A32-401D-AC34-866D1C75DFEB}.Release|Any CPU.Build.0 = Release|Any CPU
	EndGlobalSection
	GlobalSection(SolutionProperties) = preSolution
		HideSolutionNode = FALSE
	EndGlobalSection
	GlobalSection(ExtensibilityGlobals) = postSolution
		SolutionGuid = {0A4CDFAC-DA76-409A-86FC-44599CF85D44}
	EndGlobalSection
EndGlobal
